github.com/robmonte/private-printer v0.23.0 h1:eZ1bNRBTnczSV3oLaNEQhnzJ/8S9gh+YPj6PBOMkucs=
github.com/robmonte/private-printer v0.23.0/go.mod h1:pfa2xcZ22fPn93piKWOYNMyp+P1kowKEtF8Z0IjTGjo=
github.com/robmonte/private-printer-restricted v0.2.0 h1:vOZLnXNDVdDxmBw11YD0OAtfnM9rNJXmCemnwY9R4Wc=
github.com/robmonte/private-printer-restricted v0.2.0/go.mod h1:XYalIlbrX6inFz5UTsAxIyZDLfd/ySy6HPCJQVT+saY=
