github.com/robmonte/private-printer v0.1.0 h1:vLB/080jeL8mwuuToRVEMvpbZG/aSxcyJSAOb29gBXo=
github.com/robmonte/private-printer v0.1.0/go.mod h1:pfa2xcZ22fPn93piKWOYNMyp+P1kowKEtF8Z0IjTGjo=
golang.org/x/net v0.9.0 h1:aWJ/m6xSmxWBx+V0XRHTlrYrPG56jKsLdTFmsSsCzOM=
golang.org/x/net v0.9.0/go.mod h1:d48xBJpPfHeWQsugry2m+kC02ZBRGRgulfHnEXEuWns=
